
Microsoft Visual Studio Solution File, Format Version 12.00
# Visual Studio Version 17
VisualStudioVersion = 17.14.37012.4 d17.14
MinimumVisualStudioVersion = 10.0.40219.1
Project("{FAE04EC0-301F-11D3-BF4B-00C04F79EFBC}") = "DSDsp", "DSDsp.csproj", "{0B5C1C45-2684-41C7-AB8F-26C9D32856A9}"
EndProject
Global
	GlobalSection(SolutionConfigurationPlatforms) = preSolution
		Debug|Any CPU = Debug|Any CPU
		Release|Any CPU = Release|Any CPU
	EndGlobalSection
	GlobalSection(ProjectConfigurationPlatforms) = postSolution
		{0B5C1C45-2684-41C7-AB8F-26C9D32856A9}.Debug|Any CPU.ActiveCfg = Debug|Any CPU
		{0B5C1C45-2684-41C7-AB8F-26C9D32856A9}.Debug|Any CPU.Build.0 = Debug|Any CPU
		{0B5C1C45-2684-41C7-AB8F-26C9D32856A9}.Release|Any CPU.ActiveCfg = Release|Any CPU
		{0B5C1C45-2684-41C7-AB8F-26C9D32856A9}.Release|Any CPU.Build.0 = Release|Any CPU
	EndGlobalSection
	GlobalSection(SolutionProperties) = preSolution
		HideSolutionNode = FALSE
	EndGlobalSection
	GlobalSection(ExtensibilityGlobals) = postSolution
		SolutionGuid = {B7C500EB-BCB3-456B-8D01-67F4EF593409}
	EndGlobalSection
EndGlobal
